{
  "name": "each-package",
  "version": "0.9.5",
  "lockfileVersion": 3,
  "requires": true,
  "packages": {
    "": {
      "name": "each-package",
      "version": "0.9.5",
      "license": "MIT",
      "dependencies": {
        "call-once-fn": "^1.0.6",
        "cross-spawn-cb": "^2.1.2",
        "exit": "^0.1.2",
        "foreman": "^3.0.1",
        "fs-iterator": "^5.2.10",
        "getopts-compat": "^2.2.5",
        "lodash.throttle": "^4.1.1",
        "queue-cb": "^1.4.10"
      },
      "bin": {
        "ep": "bin/cli.cjs"
      },
      "devDependencies": {
        "@biomejs/biome": "^1.9.4",
        "@types/mocha": "^10.0.10",
        "@types/node": "^22.10.5",
        "cr": "^0.1.0",
        "is-version": "^0.2.5",
        "pinkie-promise": "^2.0.1"
      },
      "engines": {
        "node": ">=0.8"
      }
    },
    "node_modules/@biomejs/biome": {
      "version": "1.9.4",
      "resolved": "https://registry.npmjs.org/@biomejs/biome/-/biome-1.9.4.tgz",
      "integrity": "sha512-1rkd7G70+o9KkTn5KLmDYXihGoTaIGO9PIIN2ZB7UJxFrWw04CZHPYiMRjYsaDvVV7hP1dYNRLxSANLaBFGpog==",
      "dev": true,
      "hasInstallScript": true,
      "license": "MIT OR Apache-2.0",
      "bin": {
        "biome": "bin/biome"
      },
      "engines": {
        "node": ">=14.21.3"
      },
      "funding": {
        "type": "opencollective",
        "url": "https://opencollective.com/biome"
      },
      "optionalDependencies": {
        "@biomejs/cli-darwin-arm64": "1.9.4",
        "@biomejs/cli-darwin-x64": "1.9.4",
        "@biomejs/cli-linux-arm64": "1.9.4",
        "@biomejs/cli-linux-arm64-musl": "1.9.4",
        "@biomejs/cli-linux-x64": "1.9.4",
        "@biomejs/cli-linux-x64-musl": "1.9.4",
        "@biomejs/cli-win32-arm64": "1.9.4",
        "@biomejs/cli-win32-x64": "1.9.4"
      }
    },
    "node_modules/@biomejs/cli-darwin-arm64": {
      "version": "1.9.4",
      "resolved": "https://registry.npmjs.org/@biomejs/cli-darwin-arm64/-/cli-darwin-arm64-1.9.4.tgz",
      "integrity": "sha512-bFBsPWrNvkdKrNCYeAp+xo2HecOGPAy9WyNyB/jKnnedgzl4W4Hb9ZMzYNbf8dMCGmUdSavlYHiR01QaYR58cw==",
      "cpu": [
        "arm64"
      ],
      "dev": true,
      "license": "MIT OR Apache-2.0",
      "optional": true,
      "os": [
        "darwin"
      ],
      "engines": {
        "node": ">=14.21.3"
      }
    },
    "node_modules/@biomejs/cli-darwin-x64": {
      "version": "1.9.4",
      "resolved": "https://registry.npmjs.org/@biomejs/cli-darwin-x64/-/cli-darwin-x64-1.9.4.tgz",
      "integrity": "sha512-ngYBh/+bEedqkSevPVhLP4QfVPCpb+4BBe2p7Xs32dBgs7rh9nY2AIYUL6BgLw1JVXV8GlpKmb/hNiuIxfPfZg==",
      "cpu": [
        "x64"
      ],
      "dev": true,
      "license": "MIT OR Apache-2.0",
      "optional": true,
      "os": [
        "darwin"
      ],
      "engines": {
        "node": ">=14.21.3"
      }
    },
    "node_modules/@biomejs/cli-linux-arm64": {
      "version": "1.9.4",
      "resolved": "https://registry.npmjs.org/@biomejs/cli-linux-arm64/-/cli-linux-arm64-1.9.4.tgz",
      "integrity": "sha512-fJIW0+LYujdjUgJJuwesP4EjIBl/N/TcOX3IvIHJQNsAqvV2CHIogsmA94BPG6jZATS4Hi+xv4SkBBQSt1N4/g==",
      "cpu": [
        "arm64"
      ],
      "dev": true,
      "license": "MIT OR Apache-2.0",
      "optional": true,
      "os": [
        "linux"
      ],
      "engines": {
        "node": ">=14.21.3"
      }
    },
    "node_modules/@biomejs/cli-linux-arm64-musl": {
      "version": "1.9.4",
      "resolved": "https://registry.npmjs.org/@biomejs/cli-linux-arm64-musl/-/cli-linux-arm64-musl-1.9.4.tgz",
      "integrity": "sha512-v665Ct9WCRjGa8+kTr0CzApU0+XXtRgwmzIf1SeKSGAv+2scAlW6JR5PMFo6FzqqZ64Po79cKODKf3/AAmECqA==",
      "cpu": [
        "arm64"
      ],
      "dev": true,
      "license": "MIT OR Apache-2.0",
      "optional": true,
      "os": [
        "linux"
      ],
      "engines": {
        "node": ">=14.21.3"
      }
    },
    "node_modules/@biomejs/cli-linux-x64": {
      "version": "1.9.4",
      "resolved": "https://registry.npmjs.org/@biomejs/cli-linux-x64/-/cli-linux-x64-1.9.4.tgz",
      "integrity": "sha512-lRCJv/Vi3Vlwmbd6K+oQ0KhLHMAysN8lXoCI7XeHlxaajk06u7G+UsFSO01NAs5iYuWKmVZjmiOzJ0OJmGsMwg==",
      "cpu": [
        "x64"
      ],
      "dev": true,
      "license": "MIT OR Apache-2.0",
      "optional": true,
      "os": [
        "linux"
      ],
      "engines": {
        "node": ">=14.21.3"
      }
    },
    "node_modules/@biomejs/cli-linux-x64-musl": {
      "version": "1.9.4",
      "resolved": "https://registry.npmjs.org/@biomejs/cli-linux-x64-musl/-/cli-linux-x64-musl-1.9.4.tgz",
      "integrity": "sha512-gEhi/jSBhZ2m6wjV530Yy8+fNqG8PAinM3oV7CyO+6c3CEh16Eizm21uHVsyVBEB6RIM8JHIl6AGYCv6Q6Q9Tg==",
      "cpu": [
        "x64"
      ],
      "dev": true,
      "license": "MIT OR Apache-2.0",
      "optional": true,
      "os": [
        "linux"
      ],
      "engines": {
        "node": ">=14.21.3"
      }
    },
    "node_modules/@biomejs/cli-win32-arm64": {
      "version": "1.9.4",
      "resolved": "https://registry.npmjs.org/@biomejs/cli-win32-arm64/-/cli-win32-arm64-1.9.4.tgz",
      "integrity": "sha512-tlbhLk+WXZmgwoIKwHIHEBZUwxml7bRJgk0X2sPyNR3S93cdRq6XulAZRQJ17FYGGzWne0fgrXBKpl7l4M87Hg==",
      "cpu": [
        "arm64"
      ],
      "dev": true,
      "license": "MIT OR Apache-2.0",
      "optional": true,
      "os": [
        "win32"
      ],
      "engines": {
        "node": ">=14.21.3"
      }
    },
    "node_modules/@biomejs/cli-win32-x64": {
      "version": "1.9.4",
      "resolved": "https://registry.npmjs.org/@biomejs/cli-win32-x64/-/cli-win32-x64-1.9.4.tgz",
      "integrity": "sha512-8Y5wMhVIPaWe6jw2H+KlEm4wP/f7EW3810ZLmDlrEEy5KvBsb9ECEfu/kMWD484ijfQ8+nIi0giMgu9g1UAuuA==",
      "cpu": [
        "x64"
      ],
      "dev": true,
      "license": "MIT OR Apache-2.0",
      "optional": true,
      "os": [
        "win32"
      ],
      "engines": {
        "node": ">=14.21.3"
      }
    },
    "node_modules/@types/mocha": {
      "version": "10.0.10",
      "resolved": "https://registry.npmjs.org/@types/mocha/-/mocha-10.0.10.tgz",
      "integrity": "sha512-xPyYSz1cMPnJQhl0CLMH68j3gprKZaTjG3s5Vi+fDgx+uhG9NOXwbVt52eFS8ECyXhyKcjDLCBEqBExKuiZb7Q==",
      "dev": true,
      "license": "MIT"
    },
    "node_modules/@types/node": {
      "version": "22.10.5",
      "resolved": "https://registry.npmjs.org/@types/node/-/node-22.10.5.tgz",
      "integrity": "sha512-F8Q+SeGimwOo86fiovQh8qiXfFEh2/ocYv7tU5pJ3EXMSSxk1Joj5wefpFK2fHTf/N6HKGSxIDBT9f3gCxXPkQ==",
      "dev": true,
      "license": "MIT",
      "dependencies": {
        "undici-types": "~6.20.0"
      }
    },
    "node_modules/asap": {
      "version": "2.0.6",
      "resolved": "https://registry.npmjs.org/asap/-/asap-2.0.6.tgz",
      "integrity": "sha512-BSHWgDSAiKs50o2Re8ppvp3seVHXSRM44cdSsT9FfNEUUZLOGWVCsiWaRPWM1Znn+mqZ1OfVZ3z3DWEzSp7hRA==",
      "license": "MIT"
    },
    "node_modules/async-compat": {
      "version": "1.6.1",
      "resolved": "https://registry.npmjs.org/async-compat/-/async-compat-1.6.1.tgz",
      "integrity": "sha512-8ggRAJiUews+8pjzG/fQ0O9QOPxHFa3DGvvMoH67rukjIiRL7AVGcaUSkA6ecZYlDvyom7zet7zy1ZFjRliuqw==",
      "license": "MIT",
      "dependencies": {
        "is-error": "^2.2.2",
        "is-promise": "^4.0.0"
      },
      "engines": {
        "node": ">=0.8"
      }
    },
    "node_modules/buffer-v6-polyfill": {
      "version": "1.0.5",
      "resolved": "https://registry.npmjs.org/buffer-v6-polyfill/-/buffer-v6-polyfill-1.0.5.tgz",
      "integrity": "sha512-LdUw/JMZyKN+EBDbOHqynYtOLXDjgo+uf5vCUhfO5hVsU2chvbqyexizvxUMaU4ipYZy9MiQyIFwMeIgsb6nBA==",
      "license": "(MIT OR Apache-2.0)"
    },
    "node_modules/call-once-fn": {
      "version": "1.0.6",
      "resolved": "https://registry.npmjs.org/call-once-fn/-/call-once-fn-1.0.6.tgz",
      "integrity": "sha512-zBcRjl/aFJEJqNSNw0gtzi4ZtDLBqPqIbU8qyXv5M2biF2nYHqcpIXOWo6ZhhDAQDkr9WgXQnLLyXQJvWm5AMg==",
      "license": "MIT",
      "engines": {
        "node": ">=0.8"
      }
    },
    "node_modules/commander": {
      "version": "2.20.3",
      "resolved": "https://registry.npmjs.org/commander/-/commander-2.20.3.tgz",
      "integrity": "sha512-GpVkmM8vF2vQUkj2LvZmD35JxeJOLCwJ9cUkugyk2nuhbv3+mJvpLYYt+0+USMxE+oj+ey/lJEnhZw75x/OMcQ==",
      "license": "MIT"
    },
    "node_modules/core-js": {
      "version": "3.39.0",
      "resolved": "https://registry.npmjs.org/core-js/-/core-js-3.39.0.tgz",
      "integrity": "sha512-raM0ew0/jJUqkJ0E6e8UDtl+y/7ktFivgWvqw8dNSQeNWoSDLvQ1H/RN3aPXB9tBd4/FhyR4RDPGhsNIMsAn7g==",
      "hasInstallScript": true,
      "license": "MIT",
      "funding": {
        "type": "opencollective",
        "url": "https://opencollective.com/core-js"
      }
    },
    "node_modules/cr": {
      "version": "0.1.0",
      "resolved": "https://registry.npmjs.org/cr/-/cr-0.1.0.tgz",
      "integrity": "sha512-CtjC3GZDV/2yr+jfTMW+VNjWi7Xg9s0BEmbkPj65AuOJBnE11J2VgHwyRUIG3ApXSIgir/jPeuzllLbPdFa+xA==",
      "dev": true,
      "license": "MIT",
      "engines": {
        "node": ">=0.10.0"
      }
    },
    "node_modules/cross-spawn": {
      "version": "7.0.6",
      "resolved": "https://registry.npmjs.org/cross-spawn/-/cross-spawn-7.0.6.tgz",
      "integrity": "sha512-uV2QOWP2nWzsy2aMp8aRibhi9dlzF5Hgh5SHaB9OiTGEyDTiJJyx0uy51QXdyWbtAHNua4XJzUKca3OzKUd3vA==",
      "license": "MIT",
      "dependencies": {
        "path-key": "^3.1.0",
        "shebang-command": "^2.0.0",
        "which": "^2.0.1"
      },
      "engines": {
        "node": ">= 8"
      }
    },
    "node_modules/cross-spawn-cb": {
      "version": "2.1.2",
      "resolved": "https://registry.npmjs.org/cross-spawn-cb/-/cross-spawn-cb-2.1.2.tgz",
      "integrity": "sha512-J4tzt6kTDfUBuKTZlBqFHyutCv9vOqKG6OO9KKPKPy6S1ynrLM7l3FEa8QS9pCBlUrAmpK7de1TwkCm52a1ShA==",
      "license": "MIT",
      "dependencies": {
        "buffer-v6-polyfill": "^1.0.5",
        "call-once-fn": "^1.0.6",
        "core-js": "^3.39.0",
        "cross-spawn": "^7.0.6",
        "function-exec-sync": "^1.2.3",
        "next-tick": "^1.1.0"
      },
      "engines": {
        "node": ">=0.8"
      }
    },
    "node_modules/eventemitter3": {
      "version": "4.0.7",
      "resolved": "https://registry.npmjs.org/eventemitter3/-/eventemitter3-4.0.7.tgz",
      "integrity": "sha512-8guHBZCwKnFhYdHr2ysuRWErTwhoN2X8XELRlrRwpmfeY2jjuUN4taQMsULKUVo1K4DvZl+0pgfyoysHxvmvEw==",
      "license": "MIT"
    },
    "node_modules/exit": {
      "version": "0.1.2",
      "resolved": "https://registry.npmjs.org/exit/-/exit-0.1.2.tgz",
      "integrity": "sha512-Zk/eNKV2zbjpKzrsQ+n1G6poVbErQxJ0LBOJXaKZ1EViLzH+hrLu9cdXI4zw9dBQJslwBEpbQ2P1oS7nDxs6jQ==",
      "engines": {
        "node": ">= 0.8.0"
      }
    },
    "node_modules/fifo": {
      "version": "2.4.1",
      "resolved": "https://registry.npmjs.org/fifo/-/fifo-2.4.1.tgz",
      "integrity": "sha512-XTbUCNmo54Jav0hcL6VxDuY4x1eCQH61HEF80C2Oww283pfjQ2C8avZeyq4v43sW2S2403kmzssE9j4lbF66Sg==",
      "license": "MIT"
    },
    "node_modules/follow-redirects": {
      "version": "1.15.9",
      "resolved": "https://registry.npmjs.org/follow-redirects/-/follow-redirects-1.15.9.tgz",
      "integrity": "sha512-gew4GsXizNgdoRyqmyfMHyAmXsZDk6mHkSxZFCzW9gwlbtOW44CDtYavM+y+72qD/Vq2l550kMF52DT8fOLJqQ==",
      "funding": [
        {
          "type": "individual",
          "url": "https://github.com/sponsors/RubenVerborgh"
        }
      ],
      "license": "MIT",
      "engines": {
        "node": ">=4.0"
      },
      "peerDependenciesMeta": {
        "debug": {
          "optional": true
        }
      }
    },
    "node_modules/foreman": {
      "version": "3.0.1",
      "resolved": "https://registry.npmjs.org/foreman/-/foreman-3.0.1.tgz",
      "integrity": "sha512-ek/qoM0vVKpxzkBUQN9k4Fs7l0XsHv4bqxuEW6oqIS4s0ouYKsQ19YjBzUJKTFRumFiSpUv7jySkrI6lfbhjlw==",
      "license": "MIT",
      "dependencies": {
        "commander": "^2.15.1",
        "http-proxy": "^1.17.0",
        "mustache": "^2.2.1",
        "shell-quote": "^1.6.1"
      },
      "bin": {
        "nf": "nf.js"
      },
      "engines": {
        "node": ">=6"
      }
    },
    "node_modules/fs-iterator": {
      "version": "5.2.10",
      "resolved": "https://registry.npmjs.org/fs-iterator/-/fs-iterator-5.2.10.tgz",
      "integrity": "sha512-I8ilGuANKs278LbUNFwTVJkeqtZp2CLvdu1SWUWy3CS+xwpMIHtv9VMvjMLH7tLY2rDGI2axCaqFeQEfGyEVRA==",
      "license": "MIT",
      "dependencies": {
        "async-compat": "^1.5.8",
        "fifo": "^2.4.1",
        "fs.realpath": "^1.0.0",
        "stack-base-iterator": "^1.1.11"
      },
      "engines": {
        "node": ">=0.8"
      }
    },
    "node_modules/fs.realpath": {
      "version": "1.0.0",
      "resolved": "https://registry.npmjs.org/fs.realpath/-/fs.realpath-1.0.0.tgz",
      "integrity": "sha512-OO0pH2lK6a0hZnAdau5ItzHPI6pUlvI7jMVnxUQRtw4owF2wk8lOSabtGDCTP4Ggrg2MbGnWO9X8K1t4+fGMDw==",
      "license": "ISC"
    },
    "node_modules/function-exec-sync": {
      "version": "1.2.3",
      "resolved": "https://registry.npmjs.org/function-exec-sync/-/function-exec-sync-1.2.3.tgz",
      "integrity": "sha512-qVoa1TcSk6N0waoKwe3uz54NQ1DLO8OodLyfaGaP1IZQe16v7BuKs/FbGbn3kpGGvzA0IFoJIiBfTm9KnB0o2g==",
      "license": "MIT",
      "dependencies": {
        "async-compat": "^1.6.1",
        "core-js": "^3.39.0",
        "mkdirp-classic": "^0.5.3",
        "os-shim": "^0.1.3",
        "serialize-javascript": "6.0.0",
        "short-hash": "^1.0.0",
        "temp-suffix": "^0.1.6",
        "thread-sleep-compat": "^0.2.10"
      },
      "engines": {
        "node": ">=0.8"
      }
    },
    "node_modules/getopts-compat": {
      "version": "2.2.5",
      "resolved": "https://registry.npmjs.org/getopts-compat/-/getopts-compat-2.2.5.tgz",
      "integrity": "sha512-HWMB5XZFmV1BjhGwGVThOwNFFUHmdUF5JhAG8sNHhpfvmTaWuP/eUM0JITfw9MI4icvZGjhYHEG0vsYCK1Ib4g==",
      "license": "MIT"
    },
    "node_modules/hash-string": {
      "version": "1.0.0",
      "resolved": "https://registry.npmjs.org/hash-string/-/hash-string-1.0.0.tgz",
      "integrity": "sha512-dtNNyxXobzHavayZwOwRWhBTqS9GX4jDjIMsGc0fDyaN2A+4zMn5Ua9ODDCggN6w3Spma6mAHL3ImmW3BkWDmQ==",
      "license": "ISC"
    },
    "node_modules/http-proxy": {
      "version": "1.18.1",
      "resolved": "https://registry.npmjs.org/http-proxy/-/http-proxy-1.18.1.tgz",
      "integrity": "sha512-7mz/721AbnJwIVbnaSv1Cz3Am0ZLT/UBwkC92VlxhXv/k/BBQfM2fXElQNC27BVGr0uwUpplYPQM9LnaBMR5NQ==",
      "license": "MIT",
      "dependencies": {
        "eventemitter3": "^4.0.0",
        "follow-redirects": "^1.0.0",
        "requires-port": "^1.0.0"
      },
      "engines": {
        "node": ">=8.0.0"
      }
    },
    "node_modules/imurmurhash": {
      "version": "0.1.4",
      "resolved": "https://registry.npmjs.org/imurmurhash/-/imurmurhash-0.1.4.tgz",
      "integrity": "sha512-JmXMZ6wuvDmLiHEml9ykzqO6lwFbof0GG4IkcGaENdCRDDmMVnny7s5HsIgHCbaq0w2MyPhDqkhTUgS2LU2PHA==",
      "license": "MIT",
      "engines": {
        "node": ">=0.8.19"
      }
    },
    "node_modules/is-error": {
      "version": "2.2.2",
      "resolved": "https://registry.npmjs.org/is-error/-/is-error-2.2.2.tgz",
      "integrity": "sha512-IOQqts/aHWbiisY5DuPJQ0gcbvaLFCa7fBa9xoLfxBZvQ+ZI/Zh9xoI7Gk+G64N0FdK4AbibytHht2tWgpJWLg==",
      "license": "MIT"
    },
    "node_modules/is-promise": {
      "version": "4.0.0",
      "resolved": "https://registry.npmjs.org/is-promise/-/is-promise-4.0.0.tgz",
      "integrity": "sha512-hvpoI6korhJMnej285dSg6nu1+e6uxs7zG3BYAm5byqDsgJNWwxzM6z6iZiAgQR4TJ30JmBTOwqZUw3WlyH3AQ==",
      "license": "MIT"
    },
    "node_modules/is-version": {
      "version": "0.2.5",
      "resolved": "https://registry.npmjs.org/is-version/-/is-version-0.2.5.tgz",
      "integrity": "sha512-Gp/Zm4PE1CLqjhU60ApFBgzUf1ug1A/AQBwCHWOAZ/epR7EAvEvoHyKIg5Ok/oSUymjA4zTtBdHYkJgK/nyksQ==",
      "dev": true,
      "license": "MIT",
      "engines": {
        "node": ">=0.8"
      }
    },
    "node_modules/isexe": {
      "version": "2.0.0",
      "resolved": "https://registry.npmjs.org/isexe/-/isexe-2.0.0.tgz",
      "integrity": "sha512-RHxMLp9lnKHGHRng9QFhRCMbYAcVpn69smSGcq3f36xjgVVWThj4qqLbTLlq7Ssj8B+fIQ1EuCEGI2lKsyQeIw==",
      "license": "ISC"
    },
    "node_modules/lodash.throttle": {
      "version": "4.1.1",
      "resolved": "https://registry.npmjs.org/lodash.throttle/-/lodash.throttle-4.1.1.tgz",
      "integrity": "sha512-wIkUCfVKpVsWo3JSZlc+8MB5it+2AN5W8J7YVMST30UrvcQNZ1Okbj+rbVniijTWE6FGYy4XJq/rHkas8qJMLQ==",
      "license": "MIT"
    },
    "node_modules/mkdirp-classic": {
      "version": "0.5.3",
      "resolved": "https://registry.npmjs.org/mkdirp-classic/-/mkdirp-classic-0.5.3.tgz",
      "integrity": "sha512-gKLcREMhtuZRwRAfqP3RFW+TK4JqApVBtOIftVgjuABpAtpxhPGaDcfvbhNvD0B8iD1oUr/txX35NjcaY6Ns/A==",
      "license": "MIT"
    },
    "node_modules/mustache": {
      "version": "2.3.2",
      "resolved": "https://registry.npmjs.org/mustache/-/mustache-2.3.2.tgz",
      "integrity": "sha512-KpMNwdQsYz3O/SBS1qJ/o3sqUJ5wSb8gb0pul8CO0S56b9Y2ALm8zCfsjPXsqGFfoNBkDwZuZIAjhsZI03gYVQ==",
      "license": "MIT",
      "bin": {
        "mustache": "bin/mustache"
      },
      "engines": {
        "npm": ">=1.4.0"
      }
    },
    "node_modules/nan": {
      "version": "2.22.0",
      "resolved": "https://registry.npmjs.org/nan/-/nan-2.22.0.tgz",
      "integrity": "sha512-nbajikzWTMwsW+eSsNm3QwlOs7het9gGJU5dDZzRTQGk03vyBOauxgI4VakDzE0PtsGTmXPsXTbbjVhRwR5mpw==",
      "license": "MIT"
    },
    "node_modules/next-tick": {
      "version": "1.1.0",
      "resolved": "https://registry.npmjs.org/next-tick/-/next-tick-1.1.0.tgz",
      "integrity": "sha512-CXdUiJembsNjuToQvxayPZF9Vqht7hewsvy2sOWafLvi2awflj9mOC6bHIg50orX8IJvWKY9wYQ/zB2kogPslQ==",
      "license": "ISC"
    },
    "node_modules/node-abi": {
      "version": "2.30.1",
      "resolved": "https://registry.npmjs.org/node-abi/-/node-abi-2.30.1.tgz",
      "integrity": "sha512-/2D0wOQPgaUWzVSVgRMx+trKJRC2UG4SUc4oCJoXx9Uxjtp0Vy3/kt7zcbxHF8+Z/pK3UloLWzBISg72brfy1w==",
      "license": "MIT",
      "dependencies": {
        "semver": "^5.4.1"
      }
    },
    "node_modules/os-shim": {
      "version": "0.1.3",
      "resolved": "https://registry.npmjs.org/os-shim/-/os-shim-0.1.3.tgz",
      "integrity": "sha512-jd0cvB8qQ5uVt0lvCIexBaROw1KyKm5sbulg2fWOHjETisuCzWyt+eTZKEMs8v6HwzoGs8xik26jg7eCM6pS+A==",
      "engines": {
        "node": ">= 0.4.0"
      }
    },
    "node_modules/path-key": {
      "version": "3.1.1",
      "resolved": "https://registry.npmjs.org/path-key/-/path-key-3.1.1.tgz",
      "integrity": "sha512-ojmeN0qd+y0jszEtoY48r0Peq5dwMEkIlCOu6Q5f41lfkswXuKtYrhgoTpLnyIcHm24Uhqx+5Tqm2InSwLhE6Q==",
      "license": "MIT",
      "engines": {
        "node": ">=8"
      }
    },
    "node_modules/pinkie": {
      "version": "2.0.4",
      "resolved": "https://registry.npmjs.org/pinkie/-/pinkie-2.0.4.tgz",
      "integrity": "sha512-MnUuEycAemtSaeFSjXKW/aroV7akBbY+Sv+RkyqFjgAe73F+MR0TBWKBRDkmfWq/HiFmdavfZ1G7h4SPZXaCSg==",
      "dev": true,
      "license": "MIT",
      "engines": {
        "node": ">=0.10.0"
      }
    },
    "node_modules/pinkie-promise": {
      "version": "2.0.1",
      "resolved": "https://registry.npmjs.org/pinkie-promise/-/pinkie-promise-2.0.1.tgz",
      "integrity": "sha512-0Gni6D4UcLTbv9c57DfxDGdr41XfgUjqWZu492f0cIGr16zDU06BWP/RAEvOuo7CQ0CNjHaLlM59YJJFm3NWlw==",
      "dev": true,
      "license": "MIT",
      "dependencies": {
        "pinkie": "^2.0.0"
      },
      "engines": {
        "node": ">=0.10.0"
      }
    },
    "node_modules/queue-cb": {
      "version": "1.4.10",
      "resolved": "https://registry.npmjs.org/queue-cb/-/queue-cb-1.4.10.tgz",
      "integrity": "sha512-Hi3ZvXvKhrmxJhn6FhwsyW/Dd6OFZy2RWPXrAxQFw0jDnoiOzx2edkarCr5RpR6no7nZ+O4if59M/2HKzFy3hw==",
      "license": "MIT",
      "engines": {
        "node": ">=0.8"
      }
    },
    "node_modules/randombytes": {
      "version": "2.1.0",
      "resolved": "https://registry.npmjs.org/randombytes/-/randombytes-2.1.0.tgz",
      "integrity": "sha512-vYl3iOX+4CKUWuxGi9Ukhie6fsqXqS9FE2Zaic4tNFD2N2QQaXOMFbuKK4QmDHC0JO6B1Zp41J0LpT0oR68amQ==",
      "license": "MIT",
      "dependencies": {
        "safe-buffer": "^5.1.0"
      }
    },
    "node_modules/requires-port": {
      "version": "1.0.0",
      "resolved": "https://registry.npmjs.org/requires-port/-/requires-port-1.0.0.tgz",
      "integrity": "sha512-KigOCHcocU3XODJxsu8i/j8T9tzT4adHiecwORRQ0ZZFcp7ahwXuRU1m+yuO90C5ZUyGeGfocHDI14M3L3yDAQ==",
      "license": "MIT"
    },
    "node_modules/safe-buffer": {
      "version": "5.2.1",
      "resolved": "https://registry.npmjs.org/safe-buffer/-/safe-buffer-5.2.1.tgz",
      "integrity": "sha512-rp3So07KcdmmKbGvgaNxQSJr7bGVSVk5S9Eq1F+ppbRo70+YeaDxkw5Dd8NPN+GD6bjnYm2VuPuCXmpuYvmCXQ==",
      "funding": [
        {
          "type": "github",
          "url": "https://github.com/sponsors/feross"
        },
        {
          "type": "patreon",
          "url": "https://www.patreon.com/feross"
        },
        {
          "type": "consulting",
          "url": "https://feross.org/support"
        }
      ],
      "license": "MIT"
    },
    "node_modules/semver": {
      "version": "5.7.2",
      "resolved": "https://registry.npmjs.org/semver/-/semver-5.7.2.tgz",
      "integrity": "sha512-cBznnQ9KjJqU67B52RMC65CMarK2600WFnbkcaiwWq3xy/5haFJlshgnpjovMVJ+Hff49d8GEn0b87C5pDQ10g==",
      "license": "ISC",
      "bin": {
        "semver": "bin/semver"
      }
    },
    "node_modules/serialize-javascript": {
      "version": "6.0.0",
      "resolved": "https://registry.npmjs.org/serialize-javascript/-/serialize-javascript-6.0.0.tgz",
      "integrity": "sha512-Qr3TosvguFt8ePWqsvRfrKyQXIiW+nGbYpy8XK24NQHE83caxWt+mIymTT19DGFbNWNLfEwsrkSmN64lVWB9ag==",
      "license": "BSD-3-Clause",
      "dependencies": {
        "randombytes": "^2.1.0"
      }
    },
    "node_modules/shebang-command": {
      "version": "2.0.0",
      "resolved": "https://registry.npmjs.org/shebang-command/-/shebang-command-2.0.0.tgz",
      "integrity": "sha512-kHxr2zZpYtdmrN1qDjrrX/Z1rR1kG8Dx+gkpK1G4eXmvXswmcE1hTWBWYUzlraYw1/yZp6YuDY77YtvbN0dmDA==",
      "license": "MIT",
      "dependencies": {
        "shebang-regex": "^3.0.0"
      },
      "engines": {
        "node": ">=8"
      }
    },
    "node_modules/shebang-regex": {
      "version": "3.0.0",
      "resolved": "https://registry.npmjs.org/shebang-regex/-/shebang-regex-3.0.0.tgz",
      "integrity": "sha512-7++dFhtcx3353uBaq8DDR4NuxBetBzC7ZQOhmTQInHEd6bSrXdiEyzCvG07Z44UYdLShWUyXt5M/yhz8ekcb1A==",
      "license": "MIT",
      "engines": {
        "node": ">=8"
      }
    },
    "node_modules/shell-quote": {
      "version": "1.8.2",
      "resolved": "https://registry.npmjs.org/shell-quote/-/shell-quote-1.8.2.tgz",
      "integrity": "sha512-AzqKpGKjrj7EM6rKVQEPpB288oCfnrEIuyoT9cyF4nmGa7V8Zk6f7RRqYisX8X9m+Q7bd632aZW4ky7EhbQztA==",
      "license": "MIT",
      "engines": {
        "node": ">= 0.4"
      },
      "funding": {
        "url": "https://github.com/sponsors/ljharb"
      }
    },
    "node_modules/short-hash": {
      "version": "1.0.0",
      "resolved": "https://registry.npmjs.org/short-hash/-/short-hash-1.0.0.tgz",
      "integrity": "sha512-qbUCD2Pkl4IXRyVqneEjGnUr0NGDGLzZnBUVGJngIQZf/FrhOL0yJhH+JQzak0t8xMmScIKpoX1SxOsPHdwa4w==",
      "license": "MIT",
      "dependencies": {
        "hash-string": "^1.0.0"
      }
    },
    "node_modules/stack-base-iterator": {
      "version": "1.1.11",
      "resolved": "https://registry.npmjs.org/stack-base-iterator/-/stack-base-iterator-1.1.11.tgz",
      "integrity": "sha512-c9f/rUFy/GJCEn0kx7gqIM/LByOrvOAq4I0cEVeahcmSGFfFa2xAto6/RcjApT0qbz/+IrA0OCM7CHnSiVDrOw==",
      "license": "MIT",
      "dependencies": {
        "asap": "^2.0.6",
        "async-compat": "^1.5.8",
        "call-once-fn": "^1.0.5",
        "fifo": "^2.4.1"
      },
      "engines": {
        "node": ">=0.8"
      }
    },
    "node_modules/temp-suffix": {
      "version": "0.1.6",
      "resolved": "https://registry.npmjs.org/temp-suffix/-/temp-suffix-0.1.6.tgz",
      "integrity": "sha512-oxSvTMUHbFUEbCIQGJa221DvtpA1oNSlthyGjPJ/yiAum8JgE/Nu4jHh7osM7IKHPomRDCmxmYdTuX442EuZKg==",
      "license": "MIT",
      "dependencies": {
        "imurmurhash": "^0.1.4"
      },
      "engines": {
        "node": ">=0.8"
      }
    },
    "node_modules/thread-sleep": {
      "version": "2.2.0",
      "resolved": "https://registry.npmjs.org/thread-sleep/-/thread-sleep-2.2.0.tgz",
      "integrity": "sha512-C3zZbh9fL7c/+N8mFZ82+uK+dj0q6bSUORwhSe4icwd0xERndhB+ldw4JdejGC3Cbn1DRXlLJ/w859CQdvYV9w==",
      "license": "MIT",
      "engines": {
        "node": ">=0.11.12"
      }
    },
    "node_modules/thread-sleep-compat": {
      "version": "0.2.10",
      "resolved": "https://registry.npmjs.org/thread-sleep-compat/-/thread-sleep-compat-0.2.10.tgz",
      "integrity": "sha512-fy3gBR6G+uEjCLtiOgaeaQ5RgO7m7U7KqdaKP9MKTcRt8L8wkCJUptE6+hmnizHW+1oYznhjALO14h9s8ApwaA==",
      "license": "MIT",
      "dependencies": {
        "nan": "^2.16.0",
        "node-abi": "2.30.1",
        "semver": "^5.7.1",
        "thread-sleep": "^2.2.0"
      },
      "engines": {
        "node": ">=0.8"
      }
    },
    "node_modules/undici-types": {
      "version": "6.20.0",
      "resolved": "https://registry.npmjs.org/undici-types/-/undici-types-6.20.0.tgz",
      "integrity": "sha512-Ny6QZ2Nju20vw1SRHe3d9jVu6gJ+4e3+MMpqu7pqE5HT6WsTSlce++GQmK5UXS8mzV8DSYHrQH+Xrf2jVcuKNg==",
      "dev": true,
      "license": "MIT"
    },
    "node_modules/which": {
      "version": "2.0.2",
      "resolved": "https://registry.npmjs.org/which/-/which-2.0.2.tgz",
      "integrity": "sha512-BLI3Tl1TW3Pvl70l3yq3Y64i+awpwXqsGBYWkkqMtnbXgrMD+yj7rhW0kuEDxzJaYXGjEW5ogapKNMEKNMjibA==",
      "license": "ISC",
      "dependencies": {
        "isexe": "^2.0.0"
      },
      "bin": {
        "node-which": "bin/node-which"
      },
      "engines": {
        "node": ">= 8"
      }
    }
  }
}
