{
  "name": "fixture-multiple-packages",
  "version": "1.0.0",
  "lockfileVersion": 3,
  "requires": true,
  "packages": {
    "": {
      "name": "fixture-multiple-packages",
      "version": "1.0.0",
      "workspaces": [
        "packages/*",
        "@scoped/*"
      ]
    },
    "@scoped/pkg-x": {
      "name": "@fixture-scoped/pkg-x",
      "version": "1.0.0"
    },
    "@scoped/pkg-y": {
      "name": "@fixture-scoped/pkg-y",
      "version": "1.0.0"
    },
    "node_modules/@fixture-scoped/pkg-x": {
      "resolved": "@scoped/pkg-x",
      "link": true
    },
    "node_modules/@fixture-scoped/pkg-y": {
      "resolved": "@scoped/pkg-y",
      "link": true
    },
    "node_modules/fixture-pkg-a": {
      "resolved": "packages/pkg-a",
      "link": true
    },
    "node_modules/fixture-pkg-b": {
      "resolved": "packages/pkg-b",
      "link": true
    },
    "node_modules/fixture-pkg-core": {
      "resolved": "packages/pkg-core",
      "link": true
    },
    "node_modules/fixture-pkg-mocha": {
      "resolved": "packages/pkg-mocha",
      "link": true
    },
    "node_modules/fixture-pkg-utils": {
      "resolved": "packages/pkg-utils",
      "link": true
    },
    "packages/pkg-a": {
      "name": "fixture-pkg-a",
      "version": "1.0.0"
    },
    "packages/pkg-b": {
      "name": "fixture-pkg-b",
      "version": "1.0.0"
    },
    "packages/pkg-core": {
      "name": "fixture-pkg-core",
      "version": "1.0.0"
    },
    "packages/pkg-mocha": {
      "name": "fixture-pkg-mocha",
      "version": "1.0.0"
    },
    "packages/pkg-utils": {
      "name": "fixture-pkg-utils",
      "version": "1.0.0"
    }
  }
}
